version: 6
environments:
  default:
    channels:
    - url: https://conda.anaconda.org/conda-forge/
    indexes:
    - https://pypi.org/simple
    options:
      pypi-prerelease-mode: if-necessary-or-explicit
    packages:
      osx-arm64:
      - conda: https://conda.anaconda.org/conda-forge/osx-arm64/bzip2-1.0.8-hd037594_9.conda
      - conda: https://conda.anaconda.org/conda-forge/noarch/ca-certificates-2026.2.25-hbd8a1cb_0.conda
      - conda: https://conda.anaconda.org/conda-forge/noarch/duckdb-1.5.1-hca7485f_0.conda
      - conda: https://conda.anaconda.org/conda-forge/osx-arm64/icu-78.3-hef89b57_0.conda
      - conda: https://conda.anaconda.org/conda-forge/osx-arm64/jq-1.8.1-hbc156a2_0.conda
      - conda: https://conda.anaconda.org/conda-forge/osx-arm64/libcxx-22.1.2-h55c6f16_0.conda
      - conda: https://conda.anaconda.org/conda-forge/osx-arm64/libexpat-2.7.5-hf6b4638_0.conda
      - conda: https://conda.anaconda.org/conda-forge/osx-arm64/libffi-3.5.2-hcf2aa1b_0.conda
      - conda: https://conda.anaconda.org/conda-forge/osx-arm64/liblzma-5.8.2-h8088a28_0.conda
      - conda: https://conda.anaconda.org/conda-forge/osx-arm64/libmpdec-4.0.0-h84a0fba_1.conda
      - conda: https://conda.anaconda.org/conda-forge/osx-arm64/libsqlite-3.52.0-h1ae2325_0.conda
      - conda: https://conda.anaconda.org/conda-forge/osx-arm64/libzlib-1.3.2-h8088a28_2.conda
      - conda: https://conda.anaconda.org/conda-forge/noarch/markdown-it-py-4.0.0-pyhd8ed1ab_0.conda
      - conda: https://conda.anaconda.org/conda-forge/noarch/mdformat-1.0.0-pyhd8ed1ab_0.conda
      - conda: https://conda.anaconda.org/conda-forge/noarch/mdformat-frontmatter-2.0.10-pyhcf101f3_1.conda
      - conda: https://conda.anaconda.org/conda-forge/noarch/mdit-py-plugins-0.5.0-pyhd8ed1ab_0.conda
      - conda: https://conda.anaconda.org/conda-forge/noarch/mdurl-0.1.2-pyhd8ed1ab_1.conda
      - conda: https://conda.anaconda.org/conda-forge/osx-arm64/ncurses-6.5-h5e97a16_3.conda
      - conda: https://conda.anaconda.org/conda-forge/osx-arm64/oniguruma-6.9.10-h5505292_0.conda
      - conda: https://conda.anaconda.org/conda-forge/osx-arm64/openssl-3.6.1-hd24854e_1.conda
      - conda: https://conda.anaconda.org/conda-forge/osx-arm64/prek-0.3.8-h6fdd925_0.conda
      - conda: https://conda.anaconda.org/conda-forge/osx-arm64/python-3.14.3-h4c637c5_101_cp314.conda
      - conda: https://conda.anaconda.org/conda-forge/osx-arm64/python-duckdb-1.5.1-py314h4ed92d5_0.conda
      - conda: https://conda.anaconda.org/conda-forge/noarch/python_abi-3.14-8_cp314.conda
      - conda: https://conda.anaconda.org/conda-forge/osx-arm64/readline-8.3-h46df422_0.conda
      - conda: https://conda.anaconda.org/conda-forge/noarch/ruamel.yaml-0.19.1-pyhcf101f3_0.conda
      - conda: https://conda.anaconda.org/conda-forge/osx-arm64/ruamel.yaml.clib-0.2.15-py314ha14b1ff_1.conda
      - conda: https://conda.anaconda.org/conda-forge/osx-arm64/tk-8.6.13-h010d191_3.conda
      - conda: https://conda.anaconda.org/conda-forge/noarch/tomli-2.4.1-pyhcf101f3_0.conda
      - conda: https://conda.anaconda.org/conda-forge/noarch/tzdata-2025c-hc9c84f9_1.conda
      - conda: https://conda.anaconda.org/conda-forge/osx-arm64/zstd-1.5.7-hbf9d68e_6.conda
      - pypi: https://files.pythonhosted.org/packages/ca/83/e9a5a14c1b6c20ad44abcdb7bb2f34d860aa4f4ee64c526247066b6c42fb/application_file_scanner-0.6.4-py3-none-any.whl
      - pypi: https://files.pythonhosted.org/packages/d2/a5/b79d86c972e8dd888fd8e4b2ea4c277791f455b86f25c458c2917bf9cff9/application_properties-0.9.2-py3-none-any.whl
      - pypi: https://files.pythonhosted.org/packages/06/00/a17a5657bf090b9dffdb310ac273c553a38f9252f60224da9fe62d9b60e9/Columnar-1.4.1-py3-none-any.whl
      - pypi: https://files.pythonhosted.org/packages/e6/18/6bc2189b744dd383cad03764f41f30352b1278d2205096f77a29c0b327ad/mdformat_gfm-1.0.0-py3-none-any.whl
      - pypi: https://files.pythonhosted.org/packages/27/38/56b67abdbf6797475dfe2f62d391b4a6ead851c76acbaf07e118e53651b6/py_walk-0.3.3-py3-none-any.whl
      - pypi: https://files.pythonhosted.org/packages/39/1b/9cd7acea4c0e5a4ed44a79b99fc7e3a50b69639ea9f926efc35d660bef04/pyjson5-2.0.0-cp314-cp314-macosx_11_0_arm64.whl
      - pypi: https://files.pythonhosted.org/packages/6d/32/0bc96458c08364e453dcfc62b97ab15b7050fdc05ad4b66cf89ced8d6606/pymarkdownlnt-0.9.36-py3-none-any.whl
      - pypi: https://files.pythonhosted.org/packages/bd/9c/4d95bb87eb2063d20db7b60faa3840c1b18025517ae857371c4dd55a6b3a/pyyaml-6.0.3-cp314-cp314-macosx_11_0_arm64.whl
      - pypi: https://files.pythonhosted.org/packages/8e/4d/c96d807295183f2360329cd8d8bf5e8072c53d664125b3858c04153f026e/sly-0.5-py3-none-any.whl
      - pypi: https://files.pythonhosted.org/packages/fb/12/5911ae3eeec47800503a238d971e51722ccea5feb8569b735184d5fcdbc0/toolz-1.1.0-py3-none-any.whl
      - pypi: https://files.pythonhosted.org/packages/18/67/36e9267722cc04a6b9f15c7f3441c2363321a3ea07da7ae0c0707beb2a9c/typing_extensions-4.15.0-py3-none-any.whl
      - pypi: https://files.pythonhosted.org/packages/68/5a/199c59e0a824a3db2b89c5d2dade7ab5f9624dbf6448dc291b46d5ec94d3/wcwidth-0.6.0-py3-none-any.whl
      - pypi: ./
packages:
- pypi: ./
  name: agent-skills
  version: 0.1.0
  sha256: 9f46d55b95f3981e527be91fcf479edbcffec4bbd5bf24beb23a51b0a80fcedb
  requires_dist:
  - pymarkdownlnt>=0.9.36,<0.10
  - mdformat-gfm>=1.0
  requires_python: '>=3.11'
- pypi: https://files.pythonhosted.org/packages/ca/83/e9a5a14c1b6c20ad44abcdb7bb2f34d860aa4f4ee64c526247066b6c42fb/application_file_scanner-0.6.4-py3-none-any.whl
  name: application-file-scanner
  version: 0.6.4
  sha256: 49c211c60f1932812477facc38701d58037b07b031fdb6a6061fdee3fd53e35f
  requires_dist:
  - typing-extensions>=4.5.0
  - py-walk>=0.3.3
  requires_python: '>=3.10.0'
- pypi: https://files.pythonhosted.org/packages/d2/a5/b79d86c972e8dd888fd8e4b2ea4c277791f455b86f25c458c2917bf9cff9/application_properties-0.9.2-py3-none-any.whl
  name: application-properties
  version: 0.9.2
  sha256: 503388017a8d12436ba0914c8d24820adf658f765f9ac7dc9dc77a4733115238
  requires_dist:
  - typing-extensions>=4.5.0
  - tomli>=2.0.1
  - pyyaml>=5.4.1
  - pyjson5>=1.6.9
  requires_python: '>=3.10.0'
- conda: https://conda.anaconda.org/conda-forge/osx-arm64/bzip2-1.0.8-hd037594_9.conda
  sha256: 540fe54be35fac0c17feefbdc3e29725cce05d7367ffedfaaa1bdda234b019df
  md5: 620b85a3f45526a8bc4d23fd78fc22f0
  depends:
  - __osx >=11.0
  license: bzip2-1.0.6
  license_family: BSD
  purls: []
  size: 124834
  timestamp: 1771350416561
- conda: https://conda.anaconda.org/conda-forge/noarch/ca-certificates-2026.2.25-hbd8a1cb_0.conda
  sha256: 67cc7101b36421c5913a1687ef1b99f85b5d6868da3abbf6ec1a4181e79782fc
  md5: 4492fd26db29495f0ba23f146cd5638d
  depends:
  - __unix
  license: ISC
  purls: []
  size: 147413
  timestamp: 1772006283803
- pypi: https://files.pythonhosted.org/packages/06/00/a17a5657bf090b9dffdb310ac273c553a38f9252f60224da9fe62d9b60e9/Columnar-1.4.1-py3-none-any.whl
  name: columnar
  version: 1.4.1
  sha256: 8efb692a7e6ca07dcc8f4ea889960421331a5dffa8e5af81f0a67ad8ea1fc798
  requires_dist:
  - toolz
  - wcwidth
- conda: https://conda.anaconda.org/conda-forge/noarch/duckdb-1.5.1-hca7485f_0.conda
  sha256: cee28340d872334185ed750ccb7ec6f1ab8ad2238971e51f1236df8dcb2d63ca
  md5: 4d7fae71db03d05ed46de7bccb158f00
  depends:
  - python-duckdb >=1.5.1,<1.5.2.0a0
  license: MIT
  license_family: MIT
  purls: []
  size: 7812
  timestamp: 1774282439095
- conda: https://conda.anaconda.org/conda-forge/osx-arm64/icu-78.3-hef89b57_0.conda
  sha256: 3a7907a17e9937d3a46dfd41cffaf815abad59a569440d1e25177c15fd0684e5
  md5: f1182c91c0de31a7abd40cedf6a5ebef
  depends:
  - __osx >=11.0
  license: MIT
  license_family: MIT
  purls: []
  size: 12361647
  timestamp: 1773822915649
- conda: https://conda.anaconda.org/conda-forge/osx-arm64/jq-1.8.1-hbc156a2_0.conda
  sha256: 4c66141af08a9b1019345e800c5b1bcf005614167e35edee9977034371acce4a
  md5: ab406f399e1becf7b51b74510e332f3d
  depends:
  - oniguruma 6.9.*
  - __osx >=11.0
  - oniguruma >=6.9.10,<6.10.0a0
  license: MIT
  license_family: MIT
  purls: []
  size: 338907
  timestamp: 1751447320937
- conda: https://conda.anaconda.org/conda-forge/osx-arm64/libcxx-22.1.2-h55c6f16_0.conda
  sha256: d1402087c8792461bfc081629e8aa97e6e577a31ae0b84e6b9cc144a18f48067
  md5: 4280e0a7fd613b271e022e60dea0138c
  depends:
  - __osx >=11.0
  license: Apache-2.0 WITH LLVM-exception
  license_family: Apache
  purls: []
  size: 568094
  timestamp: 1774439202359
- conda: https://conda.anaconda.org/conda-forge/osx-arm64/libexpat-2.7.5-hf6b4638_0.conda
  sha256: 06780dec91dd25770c8cf01e158e1062fbf7c576b1406427475ce69a8af75b7e
  md5: a32123f93e168eaa4080d87b0fb5da8a
  depends:
  - __osx >=11.0
  constrains:
  - expat 2.7.5.*
  license: MIT
  license_family: MIT
  purls: []
  size: 68192
  timestamp: 1774719211725
- conda: https://conda.anaconda.org/conda-forge/osx-arm64/libffi-3.5.2-hcf2aa1b_0.conda
  sha256: 6686a26466a527585e6a75cc2a242bf4a3d97d6d6c86424a441677917f28bec7
  md5: 43c04d9cb46ef176bb2a4c77e324d599
  depends:
  - __osx >=11.0
  license: MIT
  license_family: MIT
  purls: []
  size: 40979
  timestamp: 1769456747661
- conda: https://conda.anaconda.org/conda-forge/osx-arm64/liblzma-5.8.2-h8088a28_0.conda
  sha256: 7bfc7ffb2d6a9629357a70d4eadeadb6f88fa26ebc28f606b1c1e5e5ed99dc7e
  md5: 009f0d956d7bfb00de86901d16e486c7
  depends:
  - __osx >=11.0
  constrains:
  - xz 5.8.2.*
  license: 0BSD
  purls: []
  size: 92242
  timestamp: 1768752982486
- conda: https://conda.anaconda.org/conda-forge/osx-arm64/libmpdec-4.0.0-h84a0fba_1.conda
  sha256: 1089c7f15d5b62c622625ec6700732ece83be8b705da8c6607f4dabb0c4bd6d2
  md5: 57c4be259f5e0b99a5983799a228ae55
  depends:
  - __osx >=11.0
  license: BSD-2-Clause
  license_family: BSD
  purls: []
  size: 73690
  timestamp: 1769482560514
- conda: https://conda.anaconda.org/conda-forge/osx-arm64/libsqlite-3.52.0-h1ae2325_0.conda
  sha256: beb0fd5594d6d7c7cd42c992b6bb4d66cbb39d6c94a8234f15956da99a04306c
  md5: f6233a3fddc35a2ec9f617f79d6f3d71
  depends:
  - __osx >=11.0
  - icu >=78.2,<79.0a0
  - libzlib >=1.3.1,<2.0a0
  license: blessing
  purls: []
  size: 918420
  timestamp: 1772819478684
- conda: https://conda.anaconda.org/conda-forge/osx-arm64/libzlib-1.3.2-h8088a28_2.conda
  sha256: 361415a698514b19a852f5d1123c5da746d4642139904156ddfca7c922d23a05
  md5: bc5a5721b6439f2f62a84f2548136082
  depends:
  - __osx >=11.0
  constrains:
  - zlib 1.3.2 *_2
  license: Zlib
  license_family: Other
  purls: []
  size: 47759
  timestamp: 1774072956767
- conda: https://conda.anaconda.org/conda-forge/noarch/markdown-it-py-4.0.0-pyhd8ed1ab_0.conda
  sha256: 7b1da4b5c40385791dbc3cc85ceea9fad5da680a27d5d3cb8bfaa185e304a89e
  md5: 5b5203189eb668f042ac2b0826244964
  depends:
  - mdurl >=0.1,<1
  - python >=3.10
  license: MIT
  license_family: MIT
  purls:
  - pkg:pypi/markdown-it-py?source=hash-mapping
  size: 64736
  timestamp: 1754951288511
- conda: https://conda.anaconda.org/conda-forge/noarch/mdformat-1.0.0-pyhd8ed1ab_0.conda
  sha256: 9a2d1287bdeff5862ca3eb516e4ff00494fe0c74c2fa7d8b4e6c4e80d75c98b2
  md5: 3575f46241bb9320cea6346569b9c2e8
  depends:
  - markdown-it-py >=1,<5
  - python >=3.10
  - tomli >=1.1.0
  license: MIT
  license_family: MIT
  purls:
  - pkg:pypi/mdformat?source=hash-mapping
  size: 40073
  timestamp: 1760629219703
- conda: https://conda.anaconda.org/conda-forge/noarch/mdformat-frontmatter-2.0.10-pyhcf101f3_1.conda
  sha256: 54aadff6144a2489dd81586c9b7586b36c922ba9d3615c7985917d3e86ef1e94
  md5: af152225dac932fd848d9ee5a508113f
  depends:
  - python >=3.10
  - mdformat >=0.7.16
  - mdit-py-plugins >=0.4.0
  - ruamel.yaml
  - python
  license: MIT
  license_family: MIT
  purls:
  - pkg:pypi/mdformat-frontmatter?source=hash-mapping
  size: 12626
  timestamp: 1769257194955
- pypi: https://files.pythonhosted.org/packages/e6/18/6bc2189b744dd383cad03764f41f30352b1278d2205096f77a29c0b327ad/mdformat_gfm-1.0.0-py3-none-any.whl
  name: mdformat-gfm
  version: 1.0.0
  sha256: 7305a50efd2a140d7c83505b58e3ac5df2b09e293f9bbe72f6c7bee8c678b005
  requires_dist:
  - mdformat>=0.7.5
  - markdown-it-py
  - mdit-py-plugins>=0.2.0
  - wcwidth>=0.2.13
  requires_python: '>=3.10'
- conda: https://conda.anaconda.org/conda-forge/noarch/mdit-py-plugins-0.5.0-pyhd8ed1ab_0.conda
  sha256: 123cc004e2946879708cdb6a9eff24acbbb054990d6131bb94bca7a374ebebfc
  md5: 1997a083ef0b4c9331f9191564be275e
  depends:
  - markdown-it-py >=2.0.0,<5.0.0
  - python >=3.10
  license: MIT
  license_family: MIT
  purls:
  - pkg:pypi/mdit-py-plugins?source=hash-mapping
  size: 43805
  timestamp: 1754946862113
- conda: https://conda.anaconda.org/conda-forge/noarch/mdurl-0.1.2-pyhd8ed1ab_1.conda
  sha256: 78c1bbe1723449c52b7a9df1af2ee5f005209f67e40b6e1d3c7619127c43b1c7
  md5: 592132998493b3ff25fd7479396e8351
  depends:
  - python >=3.9
  license: MIT
  license_family: MIT
  purls:
  - pkg:pypi/mdurl?source=hash-mapping
  size: 14465
  timestamp: 1733255681319
- conda: https://conda.anaconda.org/conda-forge/osx-arm64/ncurses-6.5-h5e97a16_3.conda
  sha256: 2827ada40e8d9ca69a153a45f7fd14f32b2ead7045d3bbb5d10964898fe65733
  md5: 068d497125e4bf8a66bf707254fff5ae
  depends:
  - __osx >=11.0
  license: X11 AND BSD-3-Clause
  purls: []
  size: 797030
  timestamp: 1738196177597
- conda: https://conda.anaconda.org/conda-forge/osx-arm64/oniguruma-6.9.10-h5505292_0.conda
  sha256: cedcd880e316240cbb35a1275990bfed1da36dba4a4f714edf95237f03d48665
  md5: 045afd0b8e35a71bfbe95345146592c4
  depends:
  - __osx >=11.0
  license: BSD-2-Clause
  license_family: BSD
  purls: []
  size: 223354
  timestamp: 1735727101839
- conda: https://conda.anaconda.org/conda-forge/osx-arm64/openssl-3.6.1-hd24854e_1.conda
  sha256: 361f5c5e60052abc12bdd1b50d7a1a43e6a6653aab99a2263bf2288d709dcf67
  md5: f4f6ad63f98f64191c3e77c5f5f29d76
  depends:
  - __osx >=11.0
  - ca-certificates
  license: Apache-2.0
  license_family: Apache
  purls: []
  size: 3104268
  timestamp: 1769556384749
- conda: https://conda.anaconda.org/conda-forge/osx-arm64/prek-0.3.8-h6fdd925_0.conda
  sha256: 7820b6ae045abed2dfd8009165bbc37d63b9a5bf647b7a6f5d202dedc034a5c2
  md5: f48cabb96953d995d6ee1be00f88ecfb
  depends:
  - __osx >=11.0
  constrains:
  - __osx >=11.0
  license: MIT
  license_family: MIT
  purls: []
  size: 5313464
  timestamp: 1774264329151
- pypi: https://files.pythonhosted.org/packages/27/38/56b67abdbf6797475dfe2f62d391b4a6ead851c76acbaf07e118e53651b6/py_walk-0.3.3-py3-none-any.whl
  name: py-walk
  version: 0.3.3
  sha256: 238fc018165138021ce0bfd9c351cdc473d3120ccc5534df35611b92608c94d5
  requires_dist:
  - sly
  - black ; extra == 'code-formatting'
  - black ; extra == 'dev'
  - mypy ; extra == 'dev'
  - pytest ; extra == 'dev'
  - pyyaml ; extra == 'dev'
  - types-pyyaml ; extra == 'dev'
  - build ; extra == 'publish'
  - pytest ; extra == 'tests'
  - pyyaml ; extra == 'tests'
  - mypy ; extra == 'type-checks'
  - types-pyyaml ; extra == 'type-checks'
  requires_python: '>=3.7'
- pypi: https://files.pythonhosted.org/packages/39/1b/9cd7acea4c0e5a4ed44a79b99fc7e3a50b69639ea9f926efc35d660bef04/pyjson5-2.0.0-cp314-cp314-macosx_11_0_arm64.whl
  name: pyjson5
  version: 2.0.0
  sha256: a84949318c52844ced26622a733ca54215ccfa9ee87eb38f1c92ee1ed5994827
  requires_python: ~=3.8
- pypi: https://files.pythonhosted.org/packages/6d/32/0bc96458c08364e453dcfc62b97ab15b7050fdc05ad4b66cf89ced8d6606/pymarkdownlnt-0.9.36-py3-none-any.whl
  name: pymarkdownlnt
  version: 0.9.36
  sha256: dcbc1d8ab9cc7be3172ac7c410dde4af8154df75dab7a6e8447c912405cc11f1
  requires_dist:
  - typing-extensions>=4.5.0
  - application-properties>=0.9.2
  - application-file-scanner>=0.6.4
  - columnar>=1.4.0
  - py-walk>=0.3.3
  requires_python: '>=3.10.0'
- conda: https://conda.anaconda.org/conda-forge/osx-arm64/python-3.14.3-h4c637c5_101_cp314.conda
  build_number: 101
  sha256: fccce2af62d11328d232df9f6bbf63464fd45f81f718c661757f9c628c4378ce
  md5: 753c8d0447677acb7ddbcc6e03e82661
  depends:
  - __osx >=11.0
  - bzip2 >=1.0.8,<2.0a0
  - libexpat >=2.7.3,<3.0a0
  - libffi >=3.5.2,<3.6.0a0
  - liblzma >=5.8.2,<6.0a0
  - libmpdec >=4.0.0,<5.0a0
  - libsqlite >=3.51.2,<4.0a0
  - libzlib >=1.3.1,<2.0a0
  - ncurses >=6.5,<7.0a0
  - openssl >=3.5.5,<4.0a0
  - python_abi 3.14.* *_cp314
  - readline >=8.3,<9.0a0
  - tk >=8.6.13,<8.7.0a0
  - tzdata
  - zstd >=1.5.7,<1.6.0a0
  license: Python-2.0
  purls: []
  size: 13522698
  timestamp: 1770675365241
  python_site_packages_path: lib/python3.14/site-packages
- conda: https://conda.anaconda.org/conda-forge/osx-arm64/python-duckdb-1.5.1-py314h4ed92d5_0.conda
  sha256: d844cb86642fb9f25670fdbb65ead4720799de0c095ab419738ed23668f3fcfb
  md5: 44f599da0c93ef3d3e35ec37dbf33745
  depends:
  - __osx >=11.0
  - libcxx >=19
  - python >=3.14,<3.15.0a0
  - python >=3.14,<3.15.0a0 *_cp314
  - python_abi 3.14.* *_cp314
  license: MIT
  license_family: MIT
  purls:
  - pkg:pypi/duckdb?source=hash-mapping
  size: 11170393
  timestamp: 1774283032926
- conda: https://conda.anaconda.org/conda-forge/noarch/python_abi-3.14-8_cp314.conda
  build_number: 8
  sha256: ad6d2e9ac39751cc0529dd1566a26751a0bf2542adb0c232533d32e176e21db5
  md5: 0539938c55b6b1a59b560e843ad864a4
  constrains:
  - python 3.14.* *_cp314
  license: BSD-3-Clause
  license_family: BSD
  purls: []
  size: 6989
  timestamp: 1752805904792
- pypi: https://files.pythonhosted.org/packages/bd/9c/4d95bb87eb2063d20db7b60faa3840c1b18025517ae857371c4dd55a6b3a/pyyaml-6.0.3-cp314-cp314-macosx_11_0_arm64.whl
  name: pyyaml
  version: 6.0.3
  sha256: 34d5fcd24b8445fadc33f9cf348c1047101756fd760b4dacb5c3e99755703310
  requires_python: '>=3.8'
- conda: https://conda.anaconda.org/conda-forge/osx-arm64/readline-8.3-h46df422_0.conda
  sha256: a77010528efb4b548ac2a4484eaf7e1c3907f2aec86123ed9c5212ae44502477
  md5: f8381319127120ce51e081dce4865cf4
  depends:
  - __osx >=11.0
  - ncurses >=6.5,<7.0a0
  license: GPL-3.0-only
  license_family: GPL
  purls: []
  size: 313930
  timestamp: 1765813902568
- conda: https://conda.anaconda.org/conda-forge/noarch/ruamel.yaml-0.19.1-pyhcf101f3_0.conda
  sha256: b48bebe297a63ae60f52e50be328262e880702db4d9b4e86731473ada459c2a1
  md5: 06ad944772941d5dae1e0d09848d8e49
  depends:
  - python >=3.10
  - ruamel.yaml.clib >=0.2.15
  - python
  license: MIT
  license_family: MIT
  purls:
  - pkg:pypi/ruamel-yaml?source=hash-mapping
  size: 98448
  timestamp: 1767538149184
- conda: https://conda.anaconda.org/conda-forge/osx-arm64/ruamel.yaml.clib-0.2.15-py314ha14b1ff_1.conda
  sha256: ad575cae7f662b2dafca88c4ce05120e322f825c0610e54b0a116550c817bbbe
  md5: 5836fbf79e5f279ffbe4ba06066c51a3
  depends:
  - python
  - python 3.14.* *_cp314
  - __osx >=11.0
  - python_abi 3.14.* *_cp314
  license: MIT
  license_family: MIT
  purls:
  - pkg:pypi/ruamel-yaml-clib?source=hash-mapping
  size: 133016
  timestamp: 1766159585543
- pypi: https://files.pythonhosted.org/packages/8e/4d/c96d807295183f2360329cd8d8bf5e8072c53d664125b3858c04153f026e/sly-0.5-py3-none-any.whl
  name: sly
  version: '0.5'
  sha256: 20485483259eec7f6ba85ff4d2e96a4e50c6621902667fc2695cc8bc2a3e5133
- conda: https://conda.anaconda.org/conda-forge/osx-arm64/tk-8.6.13-h010d191_3.conda
  sha256: 799cab4b6cde62f91f750149995d149bc9db525ec12595e8a1d91b9317f038b3
  md5: a9d86bc62f39b94c4661716624eb21b0
  depends:
  - __osx >=11.0
  - libzlib >=1.3.1,<2.0a0
  license: TCL
  license_family: BSD
  purls: []
  size: 3127137
  timestamp: 1769460817696
- conda: https://conda.anaconda.org/conda-forge/noarch/tomli-2.4.1-pyhcf101f3_0.conda
  sha256: 91cafdb64268e43e0e10d30bd1bef5af392e69f00edd34dfaf909f69ab2da6bd
  md5: b5325cf06a000c5b14970462ff5e4d58
  depends:
  - python >=3.10
  - python
  license: MIT
  license_family: MIT
  purls:
  - pkg:pypi/tomli?source=compressed-mapping
  size: 21561
  timestamp: 1774492402955
- pypi: https://files.pythonhosted.org/packages/fb/12/5911ae3eeec47800503a238d971e51722ccea5feb8569b735184d5fcdbc0/toolz-1.1.0-py3-none-any.whl
  name: toolz
  version: 1.1.0
  sha256: 15ccc861ac51c53696de0a5d6d4607f99c210739caf987b5d2054f3efed429d8
  requires_python: '>=3.9'
- pypi: https://files.pythonhosted.org/packages/18/67/36e9267722cc04a6b9f15c7f3441c2363321a3ea07da7ae0c0707beb2a9c/typing_extensions-4.15.0-py3-none-any.whl
  name: typing-extensions
  version: 4.15.0
  sha256: f0fa19c6845758ab08074a0cfa8b7aecb71c999ca73d62883bc25cc018c4e548
  requires_python: '>=3.9'
- conda: https://conda.anaconda.org/conda-forge/noarch/tzdata-2025c-hc9c84f9_1.conda
  sha256: 1d30098909076af33a35017eed6f2953af1c769e273a0626a04722ac4acaba3c
  md5: ad659d0a2b3e47e38d829aa8cad2d610
  license: LicenseRef-Public-Domain
  purls: []
  size: 119135
  timestamp: 1767016325805
- pypi: https://files.pythonhosted.org/packages/68/5a/199c59e0a824a3db2b89c5d2dade7ab5f9624dbf6448dc291b46d5ec94d3/wcwidth-0.6.0-py3-none-any.whl
  name: wcwidth
  version: 0.6.0
  sha256: 1a3a1e510b553315f8e146c54764f4fb6264ffad731b3d78088cdb1478ffbdad
  requires_python: '>=3.8'
- conda: https://conda.anaconda.org/conda-forge/osx-arm64/zstd-1.5.7-hbf9d68e_6.conda
  sha256: 9485ba49e8f47d2b597dd399e88f4802e100851b27c21d7525625b0b4025a5d9
  md5: ab136e4c34e97f34fb621d2592a393d8
  depends:
  - __osx >=11.0
  - libzlib >=1.3.1,<2.0a0
  license: BSD-3-Clause
  license_family: BSD
  purls: []
  size: 433413
  timestamp: 1764777166076
